// !$*UTF8*$!
{
	archiveVersion = 1;
	classes = {
	};
	objectVersion = 46;
	objects = {

/* Begin PBXBuildFile section */
		390CBA661A98EEA3008F7291 /* arrow_BW_thin_right.png in Resources */ = {isa = PBXBuildFile; fileRef = 390CBA651A98EEA3008F7291 /* arrow_BW_thin_right.png */; };
		390CBA681A98EEE4008F7291 /* arrow.png in Resources */ = {isa = PBXBuildFile; fileRef = 390CBA671A98EEE4008F7291 /* arrow.png */; };
		399CEB021A96B88A003918DF /* AppDelegate.swift in Sources */ = {isa = PBXBuildFile; fileRef = 399CEB011A96B88A003918DF /* AppDelegate.swift */; };
		399CEB041A96B88A003918DF /* ViewController.swift in Sources */ = {isa = PBXBuildFile; fileRef = 399CEB031A96B88A003918DF /* ViewController.swift */; };
		399CEB071A96B88A003918DF /* Main.storyboard in Resources */ = {isa = PBXBuildFile; fileRef = 399CEB051A96B88A003918DF /* Main.storyboard */; };
		399CEB091A96B88A003918DF /* Images.xcassets in Resources */ = {isa = PBXBuildFile; fileRef = 399CEB081A96B88A003918DF /* Images.xcassets */; };
		399CEB0C1A96B88A003918DF /* LaunchScreen.xib in Resources */ = {isa = PBXBuildFile; fileRef = 399CEB0A1A96B88A003918DF /* LaunchScreen.xib */; };
		399CEB181A96B88A003918DF /* Family_TreeTests.swift in Sources */ = {isa = PBXBuildFile; fileRef = 399CEB171A96B88A003918DF /* Family_TreeTests.swift */; };
		399CEB221A96C143003918DF /* bulbasaur.png in Resources */ = {isa = PBXBuildFile; fileRef = 399CEB211A96C143003918DF /* bulbasaur.png */; };
		399CEB241A96C148003918DF /* Ivysaur.png in Resources */ = {isa = PBXBuildFile; fileRef = 399CEB231A96C148003918DF /* Ivysaur.png */; };
		399CEB261A96C14C003918DF /* Venasaur.png in Resources */ = {isa = PBXBuildFile; fileRef = 399CEB251A96C14C003918DF /* Venasaur.png */; };
		399CEB2A1A96C152003918DF /* Charmeleon.png in Resources */ = {isa = PBXBuildFile; fileRef = 399CEB271A96C152003918DF /* Charmeleon.png */; };
		399CEB2B1A96C152003918DF /* Charizard.png in Resources */ = {isa = PBXBuildFile; fileRef = 399CEB281A96C152003918DF /* Charizard.png */; };
		399CEB2C1A96C152003918DF /* Charmander.png in Resources */ = {isa = PBXBuildFile; fileRef = 399CEB291A96C152003918DF /* Charmander.png */; };
		399CEB301A96C15F003918DF /* Wartortle.png in Resources */ = {isa = PBXBuildFile; fileRef = 399CEB2D1A96C15F003918DF /* Wartortle.png */; };
		399CEB311A96C15F003918DF /* Squirtle.png in Resources */ = {isa = PBXBuildFile; fileRef = 399CEB2E1A96C15F003918DF /* Squirtle.png */; };
		399CEB321A96C15F003918DF /* blastoise.png in Resources */ = {isa = PBXBuildFile; fileRef = 399CEB2F1A96C15F003918DF /* blastoise.png */; };
		399CEB361A96C5AA003918DF /* pokemon background.jpg in Resources */ = {isa = PBXBuildFile; fileRef = 399CEB351A96C5AA003918DF /* pokemon background.jpg */; };
/* End PBXBuildFile section */

/* Begin PBXContainerItemProxy section */
		399CEB121A96B88A003918DF /* PBXContainerItemProxy */ = {
			isa = PBXContainerItemProxy;
			containerPortal = 399CEAF41A96B88A003918DF /* Project object */;
			proxyType = 1;
			remoteGlobalIDString = 399CEAFB1A96B88A003918DF;
			remoteInfo = "Family Tree";
		};
/* End PBXContainerItemProxy section */

/* Begin PBXFileReference section */
		390CBA651A98EEA3008F7291 /* arrow_BW_thin_right.png */ = {isa = PBXFileReference; lastKnownFileType = image.png; path = arrow_BW_thin_right.png; sourceTree = "<group>"; };
		390CBA671A98EEE4008F7291 /* arrow.png */ = {isa = PBXFileReference; lastKnownFileType = image.png; path = arrow.png; sourceTree = "<group>"; };
		399CEAFC1A96B88A003918DF /* Family Tree.app */ = {isa = PBXFileReference; explicitFileType = wrapper.application; includeInIndex = 0; path = "Family Tree.app"; sourceTree = BUILT_PRODUCTS_DIR; };
		399CEB001A96B88A003918DF /* Info.plist */ = {isa = PBXFileReference; lastKnownFileType = text.plist.xml; path = Info.plist; sourceTree = "<group>"; };
		399CEB011A96B88A003918DF /* AppDelegate.swift */ = {isa = PBXFileReference; lastKnownFileType = sourcecode.swift; path = AppDelegate.swift; sourceTree = "<group>"; };
		399CEB031A96B88A003918DF /* ViewController.swift */ = {isa = PBXFileReference; lastKnownFileType = sourcecode.swift; path = ViewController.swift; sourceTree = "<group>"; };
		399CEB061A96B88A003918DF /* Base */ = {isa = PBXFileReference; lastKnownFileType = file.storyboard; name = Base; path = Base.lproj/Main.storyboard; sourceTree = "<group>"; };
		399CEB081A96B88A003918DF /* Images.xcassets */ = {isa = PBXFileReference; lastKnownFileType = folder.assetcatalog; path = Images.xcassets; sourceTree = "<group>"; };
		399CEB0B1A96B88A003918DF /* Base */ = {isa = PBXFileReference; lastKnownFileType = file.xib; name = Base; path = Base.lproj/LaunchScreen.xib; sourceTree = "<group>"; };
		399CEB111A96B88A003918DF /* Family TreeTests.xctest */ = {isa = PBXFileReference; explicitFileType = wrapper.cfbundle; includeInIndex = 0; path = "Family TreeTests.xctest"; sourceTree = BUILT_PRODUCTS_DIR; };
		399CEB161A96B88A003918DF /* Info.plist */ = {isa = PBXFileReference; lastKnownFileType = text.plist.xml; path = Info.plist; sourceTree = "<group>"; };
		399CEB171A96B88A003918DF /* Family_TreeTests.swift */ = {isa = PBXFileReference; lastKnownFileType = sourcecode.swift; path = Family_TreeTests.swift; sourceTree = "<group>"; };
		399CEB211A96C143003918DF /* bulbasaur.png */ = {isa = PBXFileReference; lastKnownFileType = image.png; path = bulbasaur.png; sourceTree = "<group>"; };
		399CEB231A96C148003918DF /* Ivysaur.png */ = {isa = PBXFileReference; lastKnownFileType = image.png; path = Ivysaur.png; sourceTree = "<group>"; };
		399CEB251A96C14C003918DF /* Venasaur.png */ = {isa = PBXFileReference; lastKnownFileType = image.png; path = Venasaur.png; sourceTree = "<group>"; };
		399CEB271A96C152003918DF /* Charmeleon.png */ = {isa = PBXFileReference; lastKnownFileType = image.png; path = Charmeleon.png; sourceTree = "<group>"; };
		399CEB281A96C152003918DF /* Charizard.png */ = {isa = PBXFileReference; lastKnownFileType = image.png; path = Charizard.png; sourceTree = "<group>"; };
		399CEB291A96C152003918DF /* Charmander.png */ = {isa = PBXFileReference; lastKnownFileType = image.png; path = Charmander.png; sourceTree = "<group>"; };
		399CEB2D1A96C15F003918DF /* Wartortle.png */ = {isa = PBXFileReference; lastKnownFileType = image.png; path = Wartortle.png; sourceTree = "<group>"; };
		399CEB2E1A96C15F003918DF /* Squirtle.png */ = {isa = PBXFileReference; lastKnownFileType = image.png; path = Squirtle.png; sourceTree = "<group>"; };
		399CEB2F1A96C15F003918DF /* blastoise.png */ = {isa = PBXFileReference; lastKnownFileType = image.png; path = blastoise.png; sourceTree = "<group>"; };
		399CEB351A96C5AA003918DF /* pokemon background.jpg */ = {isa = PBXFileReference; lastKnownFileType = image.jpeg; path = "pokemon background.jpg"; sourceTree = "<group>"; };
/* End PBXFileReference section */

/* Begin PBXFrameworksBuildPhase section */
		399CEAF91A96B88A003918DF /* Frameworks */ = {
			isa = PBXFrameworksBuildPhase;
			buildActionMask = 2147483647;
			files = (
			);
			runOnlyForDeploymentPostprocessing = 0;
		};
		399CEB0E1A96B88A003918DF /* Frameworks */ = {
			isa = PBXFrameworksBuildPhase;
			buildActionMask = 2147483647;
			files = (
			);
			runOnlyForDeploymentPostprocessing = 0;
		};
/* End PBXFrameworksBuildPhase section */

/* Begin PBXGroup section */
		399CEAF31A96B88A003918DF = {
			isa = PBXGroup;
			children = (
				399CEAFE1A96B88A003918DF /* Family Tree */,
				399CEB141A96B88A003918DF /* Family TreeTests */,
				399CEAFD1A96B88A003918DF /* Products */,
			);
			sourceTree = "<group>";
		};
		399CEAFD1A96B88A003918DF /* Products */ = {
			isa = PBXGroup;
			children = (
				399CEAFC1A96B88A003918DF /* Family Tree.app */,
				399CEB111A96B88A003918DF /* Family TreeTests.xctest */,
			);
			name = Products;
			sourceTree = "<group>";
		};
		399CEAFE1A96B88A003918DF /* Family Tree */ = {
			isa = PBXGroup;
			children = (
				399CEB011A96B88A003918DF /* AppDelegate.swift */,
				399CEB031A96B88A003918DF /* ViewController.swift */,
				399CEB051A96B88A003918DF /* Main.storyboard */,
				399CEB081A96B88A003918DF /* Images.xcassets */,
				399CEB0A1A96B88A003918DF /* LaunchScreen.xib */,
				399CEAFF1A96B88A003918DF /* Supporting Files */,
			);
			path = "Family Tree";
			sourceTree = "<group>";
		};
		399CEAFF1A96B88A003918DF /* Supporting Files */ = {
			isa = PBXGroup;
			children = (
				390CBA671A98EEE4008F7291 /* arrow.png */,
				390CBA651A98EEA3008F7291 /* arrow_BW_thin_right.png */,
				399CEB351A96C5AA003918DF /* pokemon background.jpg */,
				399CEB2D1A96C15F003918DF /* Wartortle.png */,
				399CEB2E1A96C15F003918DF /* Squirtle.png */,
				399CEB2F1A96C15F003918DF /* blastoise.png */,
				399CEB271A96C152003918DF /* Charmeleon.png */,
				399CEB281A96C152003918DF /* Charizard.png */,
				399CEB291A96C152003918DF /* Charmander.png */,
				399CEB251A96C14C003918DF /* Venasaur.png */,
				399CEB231A96C148003918DF /* Ivysaur.png */,
				399CEB211A96C143003918DF /* bulbasaur.png */,
				399CEB001A96B88A003918DF /* Info.plist */,
			);
			name = "Supporting Files";
			sourceTree = "<group>";
		};
		399CEB141A96B88A003918DF /* Family TreeTests */ = {
			isa = PBXGroup;
			children = (
				399CEB171A96B88A003918DF /* Family_TreeTests.swift */,
				399CEB151A96B88A003918DF /* Supporting Files */,
			);
			path = "Family TreeTests";
			sourceTree = "<group>";
		};
		399CEB151A96B88A003918DF /* Supporting Files */ = {
			isa = PBXGroup;
			children = (
				399CEB161A96B88A003918DF /* Info.plist */,
			);
			name = "Supporting Files";
			sourceTree = "<group>";
		};
/* End PBXGroup section */

/* Begin PBXNativeTarget section */
		399CEAFB1A96B88A003918DF /* Family Tree */ = {
			isa = PBXNativeTarget;
			buildConfigurationList = 399CEB1B1A96B88A003918DF /* Build configuration list for PBXNativeTarget "Family Tree" */;
			buildPhases = (
				399CEAF81A96B88A003918DF /* Sources */,
				399CEAF91A96B88A003918DF /* Frameworks */,
				399CEAFA1A96B88A003918DF /* Resources */,
			);
			buildRules = (
			);
			dependencies = (
			);
			name = "Family Tree";
			productName = "Family Tree";
			productReference = 399CEAFC1A96B88A003918DF /* Family Tree.app */;
			productType = "com.apple.product-type.application";
		};
		399CEB101A96B88A003918DF /* Family TreeTests */ = {
			isa = PBXNativeTarget;
			buildConfigurationList = 399CEB1E1A96B88A003918DF /* Build configuration list for PBXNativeTarget "Family TreeTests" */;
			buildPhases = (
				399CEB0D1A96B88A003918DF /* Sources */,
				399CEB0E1A96B88A003918DF /* Frameworks */,
				399CEB0F1A96B88A003918DF /* Resources */,
			);
			buildRules = (
			);
			dependencies = (
				399CEB131A96B88A003918DF /* PBXTargetDependency */,
			);
			name = "Family TreeTests";
			productName = "Family TreeTests";
			productReference = 399CEB111A96B88A003918DF /* Family TreeTests.xctest */;
			productType = "com.apple.product-type.bundle.unit-test";
		};
/* End PBXNativeTarget section */

/* Begin PBXProject section */
		399CEAF41A96B88A003918DF /* Project object */ = {
			isa = PBXProject;
			attributes = {
				LastUpgradeCheck = 0610;
				ORGANIZATIONNAME = "Pat William McNamee";
				TargetAttributes = {
					399CEAFB1A96B88A003918DF = {
						CreatedOnToolsVersion = 6.1.1;
						LastSwiftMigration = 0820;
					};
					399CEB101A96B88A003918DF = {
						CreatedOnToolsVersion = 6.1.1;
						LastSwiftMigration = 0820;
						TestTargetID = 399CEAFB1A96B88A003918DF;
					};
				};
			};
			buildConfigurationList = 399CEAF71A96B88A003918DF /* Build configuration list for PBXProject "Family Tree" */;
			compatibilityVersion = "Xcode 3.2";
			developmentRegion = English;
			hasScannedForEncodings = 0;
			knownRegions = (
				en,
				Base,
			);
			mainGroup = 399CEAF31A96B88A003918DF;
			productRefGroup = 399CEAFD1A96B88A003918DF /* Products */;
			projectDirPath = "";
			projectRoot = "";
			targets = (
				399CEAFB1A96B88A003918DF /* Family Tree */,
				399CEB101A96B88A003918DF /* Family TreeTests */,
			);
		};
/* End PBXProject section */

/* Begin PBXResourcesBuildPhase section */
		399CEAFA1A96B88A003918DF /* Resources */ = {
			isa = PBXResourcesBuildPhase;
			buildActionMask = 2147483647;
			files = (
				399CEB2B1A96C152003918DF /* Charizard.png in Resources */,
				399CEB261A96C14C003918DF /* Venasaur.png in Resources */,
				399CEB071A96B88A003918DF /* Main.storyboard in Resources */,
				399CEB361A96C5AA003918DF /* pokemon background.jpg in Resources */,
				390CBA661A98EEA3008F7291 /* arrow_BW_thin_right.png in Resources */,
				399CEB221A96C143003918DF /* bulbasaur.png in Resources */,
				399CEB311A96C15F003918DF /* Squirtle.png in Resources */,
				399CEB301A96C15F003918DF /* Wartortle.png in Resources */,
				399CEB0C1A96B88A003918DF /* LaunchScreen.xib in Resources */,
				399CEB2C1A96C152003918DF /* Charmander.png in Resources */,
				399CEB241A96C148003918DF /* Ivysaur.png in Resources */,
				399CEB091A96B88A003918DF /* Images.xcassets in Resources */,
				399CEB321A96C15F003918DF /* blastoise.png in Resources */,
				390CBA681A98EEE4008F7291 /* arrow.png in Resources */,
				399CEB2A1A96C152003918DF /* Charmeleon.png in Resources */,
			);
			runOnlyForDeploymentPostprocessing = 0;
		};
		399CEB0F1A96B88A003918DF /* Resources */ = {
			isa = PBXResourcesBuildPhase;
			buildActionMask = 2147483647;
			files = (
			);
			runOnlyForDeploymentPostprocessing = 0;
		};
/* End PBXResourcesBuildPhase section */

/* Begin PBXSourcesBuildPhase section */
		399CEAF81A96B88A003918DF /* Sources */ = {
			isa = PBXSourcesBuildPhase;
			buildActionMask = 2147483647;
			files = (
				399CEB041A96B88A003918DF /* ViewController.swift in Sources */,
				399CEB021A96B88A003918DF /* AppDelegate.swift in Sources */,
			);
			runOnlyForDeploymentPostprocessing = 0;
		};
		399CEB0D1A96B88A003918DF /* Sources */ = {
			isa = PBXSourcesBuildPhase;
			buildActionMask = 2147483647;
			files = (
				399CEB181A96B88A003918DF /* Family_TreeTests.swift in Sources */,
			);
			runOnlyForDeploymentPostprocessing = 0;
		};
/* End PBXSourcesBuildPhase section */

/* Begin PBXTargetDependency section */
		399CEB131A96B88A003918DF /* PBXTargetDependency */ = {
			isa = PBXTargetDependency;
			target = 399CEAFB1A96B88A003918DF /* Family Tree */;
			targetProxy = 399CEB121A96B88A003918DF /* PBXContainerItemProxy */;
		};
/* End PBXTargetDependency section */

/* Begin PBXVariantGroup section */
		399CEB051A96B88A003918DF /* Main.storyboard */ = {
			isa = PBXVariantGroup;
			children = (
				399CEB061A96B88A003918DF /* Base */,
			);
			name = Main.storyboard;
			sourceTree = "<group>";
		};
		399CEB0A1A96B88A003918DF /* LaunchScreen.xib */ = {
			isa = PBXVariantGroup;
			children = (
				399CEB0B1A96B88A003918DF /* Base */,
			);
			name = LaunchScreen.xib;
			sourceTree = "<group>";
		};
/* End PBXVariantGroup section */

/* Begin XCBuildConfiguration section */
		399CEB191A96B88A003918DF /* Debug */ = {
			isa = XCBuildConfiguration;
			buildSettings = {
				ALWAYS_SEARCH_USER_PATHS = NO;
				CLANG_CXX_LANGUAGE_STANDARD = "gnu++0x";
				CLANG_CXX_LIBRARY = "libc++";
				CLANG_ENABLE_MODULES = YES;
				CLANG_ENABLE_OBJC_ARC = YES;
				CLANG_WARN_BOOL_CONVERSION = YES;
				CLANG_WARN_CONSTANT_CONVERSION = YES;
				CLANG_WARN_DIRECT_OBJC_ISA_USAGE = YES_ERROR;
				CLANG_WARN_EMPTY_BODY = YES;
				CLANG_WARN_ENUM_CONVERSION = YES;
				CLANG_WARN_INT_CONVERSION = YES;
				CLANG_WARN_OBJC_ROOT_CLASS = YES_ERROR;
				CLANG_WARN_UNREACHABLE_CODE = YES;
				CLANG_WARN__DUPLICATE_METHOD_MATCH = YES;
				"CODE_SIGN_IDENTITY[sdk=iphoneos*]" = "iPhone Developer";
				COPY_PHASE_STRIP = NO;
				ENABLE_STRICT_OBJC_MSGSEND = YES;
				GCC_C_LANGUAGE_STANDARD = gnu99;
				GCC_DYNAMIC_NO_PIC = NO;
				GCC_OPTIMIZATION_LEVEL = 0;
				GCC_PREPROCESSOR_DEFINITIONS = (
					"DEBUG=1",
					"$(inherited)",
				);
				GCC_SYMBOLS_PRIVATE_EXTERN = NO;
				GCC_WARN_64_TO_32_BIT_CONVERSION = YES;
				GCC_WARN_ABOUT_RETURN_TYPE = YES_ERROR;
				GCC_WARN_UNDECLARED_SELECTOR = YES;
				GCC_WARN_UNINITIALIZED_AUTOS = YES_AGGRESSIVE;
				GCC_WARN_UNUSED_FUNCTION = YES;
				GCC_WARN_UNUSED_VARIABLE = YES;
				IPHONEOS_DEPLOYMENT_TARGET = 8.1;
				MTL_ENABLE_DEBUG_INFO = YES;
				ONLY_ACTIVE_ARCH = YES;
				SDKROOT = iphoneos;
				SWIFT_OPTIMIZATION_LEVEL = "-Onone";
				TARGETED_DEVICE_FAMILY = "1,2";
			};
			name = Debug;
		};
		399CEB1A1A96B88A003918DF /* Release */ = {
			isa = XCBuildConfiguration;
			buildSettings = {
				ALWAYS_SEARCH_USER_PATHS = NO;
				CLANG_CXX_LANGUAGE_STANDARD = "gnu++0x";
				CLANG_CXX_LIBRARY = "libc++";
				CLANG_ENABLE_MODULES = YES;
				CLANG_ENABLE_OBJC_ARC = YES;
				CLANG_WARN_BOOL_CONVERSION = YES;
				CLANG_WARN_CONSTANT_CONVERSION = YES;
				CLANG_WARN_DIRECT_OBJC_ISA_USAGE = YES_ERROR;
				CLANG_WARN_EMPTY_BODY = YES;
				CLANG_WARN_ENUM_CONVERSION = YES;
				CLANG_WARN_INT_CONVERSION = YES;
				CLANG_WARN_OBJC_ROOT_CLASS = YES_ERROR;
				CLANG_WARN_UNREACHABLE_CODE = YES;
				CLANG_WARN__DUPLICATE_METHOD_MATCH = YES;
				"CODE_SIGN_IDENTITY[sdk=iphoneos*]" = "iPhone Developer";
				COPY_PHASE_STRIP = YES;
				ENABLE_NS_ASSERTIONS = NO;
				ENABLE_STRICT_OBJC_MSGSEND = YES;
				GCC_C_LANGUAGE_STANDARD = gnu99;
				GCC_WARN_64_TO_32_BIT_CONVERSION = YES;
				GCC_WARN_ABOUT_RETURN_TYPE = YES_ERROR;
				GCC_WARN_UNDECLARED_SELECTOR = YES;
				GCC_WARN_UNINITIALIZED_AUTOS = YES_AGGRESSIVE;
				GCC_WARN_UNUSED_FUNCTION = YES;
				GCC_WARN_UNUSED_VARIABLE = YES;
				IPHONEOS_DEPLOYMENT_TARGET = 8.1;
				MTL_ENABLE_DEBUG_INFO = NO;
				SDKROOT = iphoneos;
				TARGETED_DEVICE_FAMILY = "1,2";
				VALIDATE_PRODUCT = YES;
			};
			name = Release;
		};
		399CEB1C1A96B88A003918DF /* Debug */ = {
			isa = XCBuildConfiguration;
			buildSettings = {
				ASSETCATALOG_COMPILER_APPICON_NAME = AppIcon;
				INFOPLIST_FILE = "Family Tree/Info.plist";
				LD_RUNPATH_SEARCH_PATHS = "$(inherited) @executable_path/Frameworks";
				PRODUCT_NAME = "$(TARGET_NAME)";
				SWIFT_VERSION = 3.0;
			};
			name = Debug;
		};
		399CEB1D1A96B88A003918DF /* Release */ = {
			isa = XCBuildConfiguration;
			buildSettings = {
				ASSETCATALOG_COMPILER_APPICON_NAME = AppIcon;
				INFOPLIST_FILE = "Family Tree/Info.plist";
				LD_RUNPATH_SEARCH_PATHS = "$(inherited) @executable_path/Frameworks";
				PRODUCT_NAME = "$(TARGET_NAME)";
				SWIFT_VERSION = 3.0;
			};
			name = Release;
		};
		399CEB1F1A96B88A003918DF /* Debug */ = {
			isa = XCBuildConfiguration;
			buildSettings = {
				BUNDLE_LOADER = "$(TEST_HOST)";
				FRAMEWORK_SEARCH_PATHS = (
					"$(SDKROOT)/Developer/Library/Frameworks",
					"$(inherited)",
				);
				GCC_PREPROCESSOR_DEFINITIONS = (
					"DEBUG=1",
					"$(inherited)",
				);
				INFOPLIST_FILE = "Family TreeTests/Info.plist";
				LD_RUNPATH_SEARCH_PATHS = "$(inherited) @executable_path/Frameworks @loader_path/Frameworks";
				PRODUCT_NAME = "$(TARGET_NAME)";
				SWIFT_VERSION = 3.0;
				TEST_HOST = "$(BUILT_PRODUCTS_DIR)/Family Tree.app/Family Tree";
			};
			name = Debug;
		};
		399CEB201A96B88A003918DF /* Release */ = {
			isa = XCBuildConfiguration;
			buildSettings = {
				BUNDLE_LOADER = "$(TEST_HOST)";
				FRAMEWORK_SEARCH_PATHS = (
					"$(SDKROOT)/Developer/Library/Frameworks",
					"$(inherited)",
				);
				INFOPLIST_FILE = "Family TreeTests/Info.plist";
				LD_RUNPATH_SEARCH_PATHS = "$(inherited) @executable_path/Frameworks @loader_path/Frameworks";
				PRODUCT_NAME = "$(TARGET_NAME)";
				SWIFT_VERSION = 3.0;
				TEST_HOST = "$(BUILT_PRODUCTS_DIR)/Family Tree.app/Family Tree";
			};
			name = Release;
		};
/* End XCBuildConfiguration section */

/* Begin XCConfigurationList section */
		399CEAF71A96B88A003918DF /* Build configuration list for PBXProject "Family Tree" */ = {
			isa = XCConfigurationList;
			buildConfigurations = (
				399CEB191A96B88A003918DF /* Debug */,
				399CEB1A1A96B88A003918DF /* Release */,
			);
			defaultConfigurationIsVisible = 0;
			defaultConfigurationName = Release;
		};
		399CEB1B1A96B88A003918DF /* Build configuration list for PBXNativeTarget "Family Tree" */ = {
			isa = XCConfigurationList;
			buildConfigurations = (
				399CEB1C1A96B88A003918DF /* Debug */,
				399CEB1D1A96B88A003918DF /* Release */,
			);
			defaultConfigurationIsVisible = 0;
			defaultConfigurationName = Release;
		};
		399CEB1E1A96B88A003918DF /* Build configuration list for PBXNativeTarget "Family TreeTests" */ = {
			isa = XCConfigurationList;
			buildConfigurations = (
				399CEB1F1A96B88A003918DF /* Debug */,
				399CEB201A96B88A003918DF /* Release */,
			);
			defaultConfigurationIsVisible = 0;
			defaultConfigurationName = Release;
		};
/* End XCConfigurationList section */
	};
	rootObject = 399CEAF41A96B88A003918DF /* Project object */;
}
